
Microsoft Visual Studio Solution File, Format Version 12.00
# Visual Studio 15
VisualStudioVersion = 15.0.27428.2037
MinimumVisualStudioVersion = 10.0.40219.1
Project("{FAE04EC0-301F-11D3-BF4B-00C04F79EFBC}") = "Assignment 7 - Methods", "Assignment 7 - Methods\Assignment 7 - Methods.csproj", "{970E2B05-CEDA-4EFE-A8DF-576FA77D495F}"
EndProject
Global
	GlobalSection(SolutionConfigurationPlatforms) = preSolution
		Debug|Any CPU = Debug|Any CPU
		Release|Any CPU = Release|Any CPU
	EndGlobalSection
	GlobalSection(ProjectConfigurationPlatforms) = postSolution
		{970E2B05-CEDA-4EFE-A8DF-576FA77D495F}.Debug|Any CPU.ActiveCfg = Debug|Any CPU
		{970E2B05-CEDA-4EFE-A8DF-576FA77D495F}.Debug|Any CPU.Build.0 = Debug|Any CPU
		{970E2B05-CEDA-4EFE-A8DF-576FA77D495F}.Release|Any CPU.ActiveCfg = Release|Any CPU
		{970E2B05-CEDA-4EFE-A8DF-576FA77D495F}.Release|Any CPU.Build.0 = Release|Any CPU
	EndGlobalSection
	GlobalSection(SolutionProperties) = preSolution
		HideSolutionNode = FALSE
	EndGlobalSection
	GlobalSection(ExtensibilityGlobals) = postSolution
		SolutionGuid = {77EA6A8A-1CD2-4162-AD59-6B16DAF8EFBF}
	EndGlobalSection
EndGlobal
