
Microsoft Visual Studio Solution File, Format Version 12.00
# Visual Studio 15
VisualStudioVersion = 15.0.27428.2043
MinimumVisualStudioVersion = 10.0.40219.1
Project("{FAE04EC0-301F-11D3-BF4B-00C04F79EFBC}") = "RPG Hero", "RPG Hero\RPG Hero.csproj", "{4EFDEE35-6679-465F-B1C6-DD9FCBF635DD}"
EndProject
Global
	GlobalSection(SolutionConfigurationPlatforms) = preSolution
		Debug|Any CPU = Debug|Any CPU
		Release|Any CPU = Release|Any CPU
	EndGlobalSection
	GlobalSection(ProjectConfigurationPlatforms) = postSolution
		{4EFDEE35-6679-465F-B1C6-DD9FCBF635DD}.Debug|Any CPU.ActiveCfg = Debug|Any CPU
		{4EFDEE35-6679-465F-B1C6-DD9FCBF635DD}.Debug|Any CPU.Build.0 = Debug|Any CPU
		{4EFDEE35-6679-465F-B1C6-DD9FCBF635DD}.Release|Any CPU.ActiveCfg = Release|Any CPU
		{4EFDEE35-6679-465F-B1C6-DD9FCBF635DD}.Release|Any CPU.Build.0 = Release|Any CPU
	EndGlobalSection
	GlobalSection(SolutionProperties) = preSolution
		HideSolutionNode = FALSE
	EndGlobalSection
	GlobalSection(ExtensibilityGlobals) = postSolution
		SolutionGuid = {B7564ADC-AEEA-42B4-807B-6521B9A1C47A}
	EndGlobalSection
EndGlobal
