
Microsoft Visual Studio Solution File, Format Version 12.00
# Visual Studio 15
VisualStudioVersion = 15.0.27428.2037
MinimumVisualStudioVersion = 10.0.40219.1
Project("{FAE04EC0-301F-11D3-BF4B-00C04F79EFBC}") = "Palindrome Validator", "Palindrome Validator\Palindrome Validator.csproj", "{8E31F8B8-37F6-488C-A919-131BC056F062}"
EndProject
Project("{FAE04EC0-301F-11D3-BF4B-00C04F79EFBC}") = "Find the Max and Min", "Find the Max and Min\Find the Max and Min.csproj", "{BC7A625B-7302-4BE4-90A9-C95C96B1F7F5}"
EndProject
Global
	GlobalSection(SolutionConfigurationPlatforms) = preSolution
		Debug|Any CPU = Debug|Any CPU
		Release|Any CPU = Release|Any CPU
	EndGlobalSection
	GlobalSection(ProjectConfigurationPlatforms) = postSolution
		{8E31F8B8-37F6-488C-A919-131BC056F062}.Debug|Any CPU.ActiveCfg = Debug|Any CPU
		{8E31F8B8-37F6-488C-A919-131BC056F062}.Debug|Any CPU.Build.0 = Debug|Any CPU
		{8E31F8B8-37F6-488C-A919-131BC056F062}.Release|Any CPU.ActiveCfg = Release|Any CPU
		{8E31F8B8-37F6-488C-A919-131BC056F062}.Release|Any CPU.Build.0 = Release|Any CPU
		{BC7A625B-7302-4BE4-90A9-C95C96B1F7F5}.Debug|Any CPU.ActiveCfg = Debug|Any CPU
		{BC7A625B-7302-4BE4-90A9-C95C96B1F7F5}.Debug|Any CPU.Build.0 = Debug|Any CPU
		{BC7A625B-7302-4BE4-90A9-C95C96B1F7F5}.Release|Any CPU.ActiveCfg = Release|Any CPU
		{BC7A625B-7302-4BE4-90A9-C95C96B1F7F5}.Release|Any CPU.Build.0 = Release|Any CPU
	EndGlobalSection
	GlobalSection(SolutionProperties) = preSolution
		HideSolutionNode = FALSE
	EndGlobalSection
	GlobalSection(ExtensibilityGlobals) = postSolution
		SolutionGuid = {6E2D270D-D049-447C-9427-83975729848C}
	EndGlobalSection
EndGlobal
