
Microsoft Visual Studio Solution File, Format Version 12.00
# Visual Studio 15
VisualStudioVersion = 15.0.27428.2043
MinimumVisualStudioVersion = 10.0.40219.1
Project("{FAE04EC0-301F-11D3-BF4B-00C04F79EFBC}") = "Calculator", "Calculator\Calculator.csproj", "{C280849A-B9BF-4BDF-A390-1B59A90A69FA}"
EndProject
Global
	GlobalSection(SolutionConfigurationPlatforms) = preSolution
		Debug|Any CPU = Debug|Any CPU
		Release|Any CPU = Release|Any CPU
	EndGlobalSection
	GlobalSection(ProjectConfigurationPlatforms) = postSolution
		{C280849A-B9BF-4BDF-A390-1B59A90A69FA}.Debug|Any CPU.ActiveCfg = Debug|Any CPU
		{C280849A-B9BF-4BDF-A390-1B59A90A69FA}.Debug|Any CPU.Build.0 = Debug|Any CPU
		{C280849A-B9BF-4BDF-A390-1B59A90A69FA}.Release|Any CPU.ActiveCfg = Release|Any CPU
		{C280849A-B9BF-4BDF-A390-1B59A90A69FA}.Release|Any CPU.Build.0 = Release|Any CPU
	EndGlobalSection
	GlobalSection(SolutionProperties) = preSolution
		HideSolutionNode = FALSE
	EndGlobalSection
	GlobalSection(ExtensibilityGlobals) = postSolution
		SolutionGuid = {52627B65-EA9A-4135-BED9-2A05B37A7D30}
	EndGlobalSection
EndGlobal
